
Microsoft Visual Studio Solution File, Format Version 12.00
# Visual Studio Version 17
VisualStudioVersion = 17.5.33516.290
MinimumVisualStudioVersion = 10.0.40219.1
Project("{9A19103F-16F7-4668-BE54-9A1E7A4F7556}") = "AuthAPI", "AuthAPI\AuthAPI.csproj", "{417AF063-AE45-4E23-B202-578AE00F0CC5}"
EndProject
Project("{9A19103F-16F7-4668-BE54-9A1E7A4F7556}") = "FundManagementAPI", "FundManagementAPI\FundManagementAPI.csproj", "{A63447BC-0AA4-4BD2-9E94-295AEF0C0014}"
EndProject
Global
	GlobalSection(SolutionConfigurationPlatforms) = preSolution
		Debug|Any CPU = Debug|Any CPU
		Release|Any CPU = Release|Any CPU
	EndGlobalSection
	GlobalSection(ProjectConfigurationPlatforms) = postSolution
		{417AF063-AE45-4E23-B202-578AE00F0CC5}.Debug|Any CPU.ActiveCfg = Debug|Any CPU
		{417AF063-AE45-4E23-B202-578AE00F0CC5}.Debug|Any CPU.Build.0 = Debug|Any CPU
		{417AF063-AE45-4E23-B202-578AE00F0CC5}.Release|Any CPU.ActiveCfg = Release|Any CPU
		{417AF063-AE45-4E23-B202-578AE00F0CC5}.Release|Any CPU.Build.0 = Release|Any CPU
		{A63447BC-0AA4-4BD2-9E94-295AEF0C0014}.Debug|Any CPU.ActiveCfg = Debug|Any CPU
		{A63447BC-0AA4-4BD2-9E94-295AEF0C0014}.Debug|Any CPU.Build.0 = Debug|Any CPU
		{A63447BC-0AA4-4BD2-9E94-295AEF0C0014}.Release|Any CPU.ActiveCfg = Release|Any CPU
		{A63447BC-0AA4-4BD2-9E94-295AEF0C0014}.Release|Any CPU.Build.0 = Release|Any CPU
	EndGlobalSection
	GlobalSection(SolutionProperties) = preSolution
		HideSolutionNode = FALSE
	EndGlobalSection
	GlobalSection(ExtensibilityGlobals) = postSolution
		SolutionGuid = {7A9039CE-B8FF-4314-9987-BEC64CAAE688}
	EndGlobalSection
EndGlobal
